
Microsoft Visual Studio Solution File, Format Version 12.00
# Visual Studio Version 16
VisualStudioVersion = 16.0.30611.23
MinimumVisualStudioVersion = 10.0.40219.1
Project("{FAE04EC0-301F-11D3-BF4B-00C04F79EFBC}") = "AR.NgUnitTestWebinar.Web.Api", "AR.NgUnitTestWebinar.Web.Api\AR.NgUnitTestWebinar.Web.Api.csproj", "{81CE782A-29C1-4F93-B6FA-83F66C5B8B22}"
EndProject
Project("{2150E333-8FDC-42A3-9474-1A3956D46DE8}") = "Services", "Services", "{00B322EF-A316-4ED1-A462-27A25B674C03}"
EndProject
Project("{FAE04EC0-301F-11D3-BF4B-00C04F79EFBC}") = "AR.NgUnitTestWebinar.Services.Auth", "AR.NgUnitTestWebinar.Services.Auth\AR.NgUnitTestWebinar.Services.Auth.csproj", "{5C0D301B-B051-44D6-8E85-735E3C45A12D}"
EndProject
Project("{2150E333-8FDC-42A3-9474-1A3956D46DE8}") = "Data", "Data", "{384DB00D-0959-405E-87E3-84D4B891716A}"
EndProject
Project("{FAE04EC0-301F-11D3-BF4B-00C04F79EFBC}") = "AR.NgUnitTestWebinar.Data.DataProvider", "AR.NgUnitTestWebinar.Data.DataProvider\AR.NgUnitTestWebinar.Data.DataProvider.csproj", "{87C3A491-2DDA-4AB9-9037-28214EF7D47C}"
EndProject
Global
	GlobalSection(SolutionConfigurationPlatforms) = preSolution
		Debug|Any CPU = Debug|Any CPU
		Release|Any CPU = Release|Any CPU
	EndGlobalSection
	GlobalSection(ProjectConfigurationPlatforms) = postSolution
		{81CE782A-29C1-4F93-B6FA-83F66C5B8B22}.Debug|Any CPU.ActiveCfg = Debug|Any CPU
		{81CE782A-29C1-4F93-B6FA-83F66C5B8B22}.Debug|Any CPU.Build.0 = Debug|Any CPU
		{81CE782A-29C1-4F93-B6FA-83F66C5B8B22}.Release|Any CPU.ActiveCfg = Release|Any CPU
		{81CE782A-29C1-4F93-B6FA-83F66C5B8B22}.Release|Any CPU.Build.0 = Release|Any CPU
		{5C0D301B-B051-44D6-8E85-735E3C45A12D}.Debug|Any CPU.ActiveCfg = Debug|Any CPU
		{5C0D301B-B051-44D6-8E85-735E3C45A12D}.Debug|Any CPU.Build.0 = Debug|Any CPU
		{5C0D301B-B051-44D6-8E85-735E3C45A12D}.Release|Any CPU.ActiveCfg = Release|Any CPU
		{5C0D301B-B051-44D6-8E85-735E3C45A12D}.Release|Any CPU.Build.0 = Release|Any CPU
		{87C3A491-2DDA-4AB9-9037-28214EF7D47C}.Debug|Any CPU.ActiveCfg = Debug|Any CPU
		{87C3A491-2DDA-4AB9-9037-28214EF7D47C}.Debug|Any CPU.Build.0 = Debug|Any CPU
		{87C3A491-2DDA-4AB9-9037-28214EF7D47C}.Release|Any CPU.ActiveCfg = Release|Any CPU
		{87C3A491-2DDA-4AB9-9037-28214EF7D47C}.Release|Any CPU.Build.0 = Release|Any CPU
	EndGlobalSection
	GlobalSection(SolutionProperties) = preSolution
		HideSolutionNode = FALSE
	EndGlobalSection
	GlobalSection(NestedProjects) = preSolution
		{5C0D301B-B051-44D6-8E85-735E3C45A12D} = {00B322EF-A316-4ED1-A462-27A25B674C03}
		{87C3A491-2DDA-4AB9-9037-28214EF7D47C} = {384DB00D-0959-405E-87E3-84D4B891716A}
	EndGlobalSection
	GlobalSection(ExtensibilityGlobals) = postSolution
		SolutionGuid = {15C7E162-6ADE-463C-9933-9045310FA0F0}
	EndGlobalSection
EndGlobal
